
Microsoft Visual Studio Solution File, Format Version 12.00
# Visual Studio Version 17
VisualStudioVersion = 17.10.35122.118
MinimumVisualStudioVersion = 10.0.40219.1
Project("{FAE04EC0-301F-11D3-BF4B-00C04F79EFBC}") = "WebSiteMachines", "WebSiteMachines\WebSiteMachines.csproj", "{5060D1A6-D228-40A5-9273-BA9824A40261}"
EndProject
Global
	GlobalSection(SolutionConfigurationPlatforms) = preSolution
		Debug|Any CPU = Debug|Any CPU
		Release|Any CPU = Release|Any CPU
	EndGlobalSection
	GlobalSection(ProjectConfigurationPlatforms) = postSolution
		{5060D1A6-D228-40A5-9273-BA9824A40261}.Debug|Any CPU.ActiveCfg = Debug|Any CPU
		{5060D1A6-D228-40A5-9273-BA9824A40261}.Debug|Any CPU.Build.0 = Debug|Any CPU
		{5060D1A6-D228-40A5-9273-BA9824A40261}.Release|Any CPU.ActiveCfg = Release|Any CPU
		{5060D1A6-D228-40A5-9273-BA9824A40261}.Release|Any CPU.Build.0 = Release|Any CPU
	EndGlobalSection
	GlobalSection(SolutionProperties) = preSolution
		HideSolutionNode = FALSE
	EndGlobalSection
	GlobalSection(ExtensibilityGlobals) = postSolution
		SolutionGuid = {7A76B414-9F11-4258-9AEE-8F0675234C2A}
	EndGlobalSection
EndGlobal
